
Microsoft Visual Studio Solution File, Format Version 12.00
# Visual Studio Version 17
VisualStudioVersion = 17.2.32602.215
MinimumVisualStudioVersion = 10.0.40219.1
Project("{FAE04EC0-301F-11D3-BF4B-00C04F79EFBC}") = "CoffeeMasterShop", "CoffeMasterShop\CoffeeMasterShop.csproj", "{4A00DBC8-6BDD-4FA4-9041-8A83555E06E6}"
EndProject
Project("{FAE04EC0-301F-11D3-BF4B-00C04F79EFBC}") = "CoffeeMasterShop_DataAccess", "CoffeeMasterShop_DataAccess\CoffeeMasterShop_DataAccess.csproj", "{4C51A935-1390-4CC9-BBFF-2BBA90ACAA0A}"
EndProject
Global
	GlobalSection(SolutionConfigurationPlatforms) = preSolution
		Debug|Any CPU = Debug|Any CPU
		Release|Any CPU = Release|Any CPU
	EndGlobalSection
	GlobalSection(ProjectConfigurationPlatforms) = postSolution
		{4A00DBC8-6BDD-4FA4-9041-8A83555E06E6}.Debug|Any CPU.ActiveCfg = Debug|Any CPU
		{4A00DBC8-6BDD-4FA4-9041-8A83555E06E6}.Debug|Any CPU.Build.0 = Debug|Any CPU
		{4A00DBC8-6BDD-4FA4-9041-8A83555E06E6}.Release|Any CPU.ActiveCfg = Release|Any CPU
		{4A00DBC8-6BDD-4FA4-9041-8A83555E06E6}.Release|Any CPU.Build.0 = Release|Any CPU
		{4C51A935-1390-4CC9-BBFF-2BBA90ACAA0A}.Debug|Any CPU.ActiveCfg = Debug|Any CPU
		{4C51A935-1390-4CC9-BBFF-2BBA90ACAA0A}.Debug|Any CPU.Build.0 = Debug|Any CPU
		{4C51A935-1390-4CC9-BBFF-2BBA90ACAA0A}.Release|Any CPU.ActiveCfg = Release|Any CPU
		{4C51A935-1390-4CC9-BBFF-2BBA90ACAA0A}.Release|Any CPU.Build.0 = Release|Any CPU
	EndGlobalSection
	GlobalSection(SolutionProperties) = preSolution
		HideSolutionNode = FALSE
	EndGlobalSection
	GlobalSection(ExtensibilityGlobals) = postSolution
		SolutionGuid = {F75F89F9-427D-49DA-B734-A9A88042E038}
	EndGlobalSection
EndGlobal
